
Microsoft Visual Studio Solution File, Format Version 12.00
# Visual Studio Version 16
VisualStudioVersion = 16.0.31829.152
MinimumVisualStudioVersion = 10.0.40219.1
Project("{8BC9CEB8-8B4A-11D0-8D11-00A0C91BC942}") = "GUI", "Chess\Chess.vcxproj", "{3C617D9B-9C08-4DB6-9AB6-5DB7E87E7E85}"
EndProject
Project("{8BC9CEB8-8B4A-11D0-8D11-00A0C91BC942}") = "Chess Logic", "Chess Logic\Chess Logic.vcxproj", "{7A6A8513-FB77-4C03-BE05-143E216E4CA2}"
EndProject
Project("{2150E333-8FDC-42A3-9474-1A3956D46DE8}") = "Solution Items", "Solution Items", "{64FB80A3-B198-42EA-B22D-0B46C2EECADE}"
	ProjectSection(SolutionItems) = preProject
		.gitignore = .gitignore
	EndProjectSection
EndProject
Global
	GlobalSection(SolutionConfigurationPlatforms) = preSolution
		Debug|x64 = Debug|x64
		Debug|x86 = Debug|x86
		Release|x64 = Release|x64
		Release|x86 = Release|x86
	EndGlobalSection
	GlobalSection(ProjectConfigurationPlatforms) = postSolution
		{3C617D9B-9C08-4DB6-9AB6-5DB7E87E7E85}.Debug|x64.ActiveCfg = Debug|x64
		{3C617D9B-9C08-4DB6-9AB6-5DB7E87E7E85}.Debug|x64.Build.0 = Debug|x64
		{3C617D9B-9C08-4DB6-9AB6-5DB7E87E7E85}.Debug|x86.ActiveCfg = Debug|Win32
		{3C617D9B-9C08-4DB6-9AB6-5DB7E87E7E85}.Debug|x86.Build.0 = Debug|Win32
		{3C617D9B-9C08-4DB6-9AB6-5DB7E87E7E85}.Release|x64.ActiveCfg = Release|x64
		{3C617D9B-9C08-4DB6-9AB6-5DB7E87E7E85}.Release|x64.Build.0 = Release|x64
		{3C617D9B-9C08-4DB6-9AB6-5DB7E87E7E85}.Release|x86.ActiveCfg = Release|Win32
		{3C617D9B-9C08-4DB6-9AB6-5DB7E87E7E85}.Release|x86.Build.0 = Release|Win32
		{7A6A8513-FB77-4C03-BE05-143E216E4CA2}.Debug|x64.ActiveCfg = Debug|x64
		{7A6A8513-FB77-4C03-BE05-143E216E4CA2}.Debug|x64.Build.0 = Debug|x64
		{7A6A8513-FB77-4C03-BE05-143E216E4CA2}.Debug|x86.ActiveCfg = Debug|Win32
		{7A6A8513-FB77-4C03-BE05-143E216E4CA2}.Debug|x86.Build.0 = Debug|Win32
		{7A6A8513-FB77-4C03-BE05-143E216E4CA2}.Release|x64.ActiveCfg = Release|x64
		{7A6A8513-FB77-4C03-BE05-143E216E4CA2}.Release|x64.Build.0 = Release|x64
		{7A6A8513-FB77-4C03-BE05-143E216E4CA2}.Release|x86.ActiveCfg = Release|Win32
		{7A6A8513-FB77-4C03-BE05-143E216E4CA2}.Release|x86.Build.0 = Release|Win32
	EndGlobalSection
	GlobalSection(SolutionProperties) = preSolution
		HideSolutionNode = FALSE
	EndGlobalSection
	GlobalSection(ExtensibilityGlobals) = postSolution
		SolutionGuid = {9CF1ADD5-1D6F-472D-8232-990247BAD614}
	EndGlobalSection
EndGlobal
